
Microsoft Visual Studio Solution File, Format Version 12.00
# Visual Studio Version 16
VisualStudioVersion = 16.0.30225.117
MinimumVisualStudioVersion = 10.0.40219.1
Project("{FAE04EC0-301F-11D3-BF4B-00C04F79EFBC}") = "DolphinFacebook", "DolphinFacebook\DolphinFacebook.csproj", "{72465214-442C-4278-9EB3-3F62796A9283}"
EndProject
Global
	GlobalSection(SolutionConfigurationPlatforms) = preSolution
		Debug|Any CPU = Debug|Any CPU
		Release|Any CPU = Release|Any CPU
	EndGlobalSection
	GlobalSection(ProjectConfigurationPlatforms) = postSolution
		{72465214-442C-4278-9EB3-3F62796A9283}.Debug|Any CPU.ActiveCfg = Debug|Any CPU
		{72465214-442C-4278-9EB3-3F62796A9283}.Debug|Any CPU.Build.0 = Debug|Any CPU
		{72465214-442C-4278-9EB3-3F62796A9283}.Release|Any CPU.ActiveCfg = Release|Any CPU
		{72465214-442C-4278-9EB3-3F62796A9283}.Release|Any CPU.Build.0 = Release|Any CPU
	EndGlobalSection
	GlobalSection(SolutionProperties) = preSolution
		HideSolutionNode = FALSE
	EndGlobalSection
	GlobalSection(ExtensibilityGlobals) = postSolution
		SolutionGuid = {445C58E4-2716-4AF6-880A-A73EB37FDD60}
	EndGlobalSection
EndGlobal
